<?xml version="1.0" encoding="utf-8"?>
<Project ToolsVersion="4.0" xmlns="http://schemas.microsoft.com/developer/msbuild/2003">
  <ItemGroup>
    <Filter Include="Source Files">
      <UniqueIdentifier>{4FC737F1-C7A5-4376-A066-2A32D752A2FF}</UniqueIdentifier>
      <Extensions>cpp;c;cc;cxx;def;odl;idl;hpj;bat;asm;asmx</Extensions>
    </Filter>
    <Filter Include="Header Files">
      <UniqueIdentifier>{93995380-89BD-4b04-88EB-625FBE52EBFB}</UniqueIdentifier>
      <Extensions>h;hpp;hxx;hm;inl;inc;xsd</Extensions>
    </Filter>
    <Filter Include="Resource Files">
      <UniqueIdentifier>{67DA6AB6-F800-4c08-8B7A-83BB121AAD01}</UniqueIdentifier>
      <Extensions>rc;ico;cur;bmp;dlg;rc2;rct;bin;rgs;gif;jpg;jpeg;jpe;resx;tiff;tif;png;wav;mfcribbon-ms</Extensions>
    </Filter>
    <Filter Include="Resources">
      <UniqueIdentifier>{c542a247-ed32-4a92-965c-8206fa98bdda}</UniqueIdentifier>
    </Filter>
    <Filter Include="Resources\Cascades">
      <UniqueIdentifier>{4bd7ab25-2164-491a-9916-8107845a27d8}</UniqueIdentifier>
    </Filter>
    <Filter Include="Resources\Cascades\HaarCascades">
      <UniqueIdentifier>{a1533255-3667-4d95-81f5-e0b99c370d93}</UniqueIdentifier>
    </Filter>
    <Filter Include="Source Files\face_detection">
      <UniqueIdentifier>{8b7faae3-d347-416e-9fe7-6836db4ebf03}</UniqueIdentifier>
    </Filter>
    <Filter Include="Source Files\main_engine">
      <UniqueIdentifier>{31c6e849-af62-4645-bb80-6e5625b42015}</UniqueIdentifier>
    </Filter>
    <Filter Include="Source Files\eye_detection">
      <UniqueIdentifier>{c715bbab-f7ae-4c7c-b4f7-72261a8fac79}</UniqueIdentifier>
    </Filter>
    <Filter Include="Source Files\mouth_detection">
      <UniqueIdentifier>{6464d5c0-e1c1-4dbf-ae08-54adfa172641}</UniqueIdentifier>
    </Filter>
    <Filter Include="Source Files\main_engine\fuzzy_logic">
      <UniqueIdentifier>{7f8152af-9cec-40c5-ad91-7467bbe934a8}</UniqueIdentifier>
    </Filter>
    <Filter Include="Source Files\main_engine\neural_network">
      <UniqueIdentifier>{588ea453-049f-48c0-b876-7b194db7d25d}</UniqueIdentifier>
    </Filter>
    <Filter Include="Header Files\main_engine">
      <UniqueIdentifier>{0cb18829-cf17-49b8-9668-b74ce0f844cb}</UniqueIdentifier>
    </Filter>
    <Filter Include="Header Files\main_engine\neural_network">
      <UniqueIdentifier>{83148170-0f36-40d4-975c-04c8fd8e6975}</UniqueIdentifier>
    </Filter>
  </ItemGroup>
  <ItemGroup>
    <ClCompile Include="main.cpp">
      <Filter>Source Files</Filter>
    </ClCompile>
    <ClCompile Include="Neuron.cpp">
      <Filter>Source Files\main_engine\neural_network</Filter>
    </ClCompile>
  </ItemGroup>
  <ItemGroup>
    <None Include="Resources\Cascades\haarcascades\haarcascade_eye.xml">
      <Filter>Resources\Cascades\HaarCascades</Filter>
    </None>
    <None Include="Resources\Cascades\haarcascades\haarcascade_eye_tree_eyeglasses.xml">
      <Filter>Resources\Cascades\HaarCascades</Filter>
    </None>
    <None Include="Resources\Cascades\haarcascades\haarcascade_frontalface_alt.xml">
      <Filter>Resources\Cascades\HaarCascades</Filter>
    </None>
    <None Include="Resources\Cascades\haarcascades\haarcascade_frontalface_alt_tree.xml">
      <Filter>Resources\Cascades\HaarCascades</Filter>
    </None>
    <None Include="Resources\Cascades\haarcascades\haarcascade_frontalface_alt2.xml">
      <Filter>Resources\Cascades\HaarCascades</Filter>
    </None>
    <None Include="Resources\Cascades\haarcascades\haarcascade_frontalface_default.xml">
      <Filter>Resources\Cascades\HaarCascades</Filter>
    </None>
    <None Include="Resources\Cascades\haarcascades\haarcascade_fullbody.xml">
      <Filter>Resources\Cascades\HaarCascades</Filter>
    </None>
    <None Include="Resources\Cascades\haarcascades\haarcascade_lefteye_2splits.xml">
      <Filter>Resources\Cascades\HaarCascades</Filter>
    </None>
    <None Include="Resources\Cascades\haarcascades\haarcascade_lowerbody.xml">
      <Filter>Resources\Cascades\HaarCascades</Filter>
    </None>
    <None Include="Resources\Cascades\haarcascades\haarcascade_mcs_eyepair_big.xml">
      <Filter>Resources\Cascades\HaarCascades</Filter>
    </None>
    <None Include="Resources\Cascades\haarcascades\haarcascade_mcs_eyepair_small.xml">
      <Filter>Resources\Cascades\HaarCascades</Filter>
    </None>
    <None Include="Resources\Cascades\haarcascades\haarcascade_mcs_leftear.xml">
      <Filter>Resources\Cascades\HaarCascades</Filter>
    </None>
    <None Include="Resources\Cascades\haarcascades\haarcascade_mcs_lefteye.xml">
      <Filter>Resources\Cascades\HaarCascades</Filter>
    </None>
    <None Include="Resources\Cascades\haarcascades\haarcascade_mcs_mouth.xml">
      <Filter>Resources\Cascades\HaarCascades</Filter>
    </None>
    <None Include="Resources\Cascades\haarcascades\haarcascade_mcs_nose.xml">
      <Filter>Resources\Cascades\HaarCascades</Filter>
    </None>
    <None Include="Resources\Cascades\haarcascades\haarcascade_mcs_rightear.xml">
      <Filter>Resources\Cascades\HaarCascades</Filter>
    </None>
    <None Include="Resources\Cascades\haarcascades\haarcascade_mcs_righteye.xml">
      <Filter>Resources\Cascades\HaarCascades</Filter>
    </None>
    <None Include="Resources\Cascades\haarcascades\haarcascade_mcs_upperbody.xml">
      <Filter>Resources\Cascades\HaarCascades</Filter>
    </None>
    <None Include="Resources\Cascades\haarcascades\haarcascade_profileface.xml">
      <Filter>Resources\Cascades\HaarCascades</Filter>
    </None>
    <None Include="Resources\Cascades\haarcascades\haarcascade_righteye_2splits.xml">
      <Filter>Resources\Cascades\HaarCascades</Filter>
    </None>
    <None Include="Resources\Cascades\haarcascades\haarcascade_smile.xml">
      <Filter>Resources\Cascades\HaarCascades</Filter>
    </None>
    <None Include="Resources\Cascades\haarcascades\haarcascade_upperbody.xml">
      <Filter>Resources\Cascades\HaarCascades</Filter>
    </None>
  </ItemGroup>
  <ItemGroup>
    <ClInclude Include="Neuron.h">
      <Filter>Header Files\main_engine\neural_network</Filter>
    </ClInclude>
  </ItemGroup>
</Project>