<?xml version="1.0" encoding="utf-8"?>
<Project ToolsVersion="4.0" xmlns="http://schemas.microsoft.com/developer/msbuild/2003">
  <ItemGroup>
    <Filter Include="Source Files">
      <UniqueIdentifier>{4FC737F1-C7A5-4376-A066-2A32D752A2FF}</UniqueIdentifier>
      <Extensions>cpp;c;cc;cxx;def;odl;idl;hpj;bat;asm;asmx</Extensions>
    </Filter>
    <Filter Include="Header Files">
      <UniqueIdentifier>{93995380-89BD-4b04-88EB-625FBE52EBFB}</UniqueIdentifier>
      <Extensions>h;hpp;hxx;hm;inl;inc;xsd</Extensions>
    </Filter>
    <Filter Include="Resource Files">
      <UniqueIdentifier>{67DA6AB6-F800-4c08-8B7A-83BB121AAD01}</UniqueIdentifier>
      <Extensions>rc;ico;cur;bmp;dlg;rc2;rct;bin;rgs;gif;jpg;jpeg;jpe;resx;tiff;tif;png;wav;mfcribbon-ms</Extensions>
    </Filter>
    <Filter Include="Resources">
      <UniqueIdentifier>{c542a247-ed32-4a92-965c-8206fa98bdda}</UniqueIdentifier>
    </Filter>
    <Filter Include="Resources\Cascades">
      <UniqueIdentifier>{4bd7ab25-2164-491a-9916-8107845a27d8}</UniqueIdentifier>
    </Filter>
    <Filter Include="Resources\Cascades\HaarCascades">
      <UniqueIdentifier>{a1533255-3667-4d95-81f5-e0b99c370d93}</UniqueIdentifier>
    </Filter>
    <Filter Include="Source Files\main_engine">
      <UniqueIdentifier>{31c6e849-af62-4645-bb80-6e5625b42015}</UniqueIdentifier>
    </Filter>
    <Filter Include="Source Files\main_engine\fuzzy_logic">
      <UniqueIdentifier>{7f8152af-9cec-40c5-ad91-7467bbe934a8}</UniqueIdentifier>
    </Filter>
    <Filter Include="Source Files\main_engine\neural_network">
      <UniqueIdentifier>{588ea453-049f-48c0-b876-7b194db7d25d}</UniqueIdentifier>
    </Filter>
    <Filter Include="Header Files\main_engine">
      <UniqueIdentifier>{0cb18829-cf17-49b8-9668-b74ce0f844cb}</UniqueIdentifier>
    </Filter>
    <Filter Include="Header Files\main_engine\neural_network">
      <UniqueIdentifier>{83148170-0f36-40d4-975c-04c8fd8e6975}</UniqueIdentifier>
    </Filter>
    <Filter Include="Source Files\main_engine\interfacing">
      <UniqueIdentifier>{e269f32f-2e07-4021-a23b-1ab58f3f1979}</UniqueIdentifier>
    </Filter>
    <Filter Include="Source Files\main_engine\interfacing\drowsiness">
      <UniqueIdentifier>{40cd6577-00c5-40e0-97e3-e2796f083990}</UniqueIdentifier>
    </Filter>
    <Filter Include="Source Files\main_engine\interfacing\distraction">
      <UniqueIdentifier>{2ece8dbe-41fa-42fc-bda1-2957e69c71be}</UniqueIdentifier>
    </Filter>
    <Filter Include="Source Files\main_engine\interfacing\drowsiness\eye_state">
      <UniqueIdentifier>{1398f5c4-8adc-40e7-b1ec-56fde27f5e04}</UniqueIdentifier>
    </Filter>
    <Filter Include="Source Files\main_engine\interfacing\drowsiness\nodding_off">
      <UniqueIdentifier>{0be5e512-fd96-43ca-92d4-e87096708a76}</UniqueIdentifier>
    </Filter>
    <Filter Include="Source Files\main_engine\interfacing\drowsiness\yawning">
      <UniqueIdentifier>{0dbef66d-f8df-443f-bb72-8ca322b4dfa7}</UniqueIdentifier>
    </Filter>
    <Filter Include="Source Files\main_engine\interfacing\distraction\gaze_detection">
      <UniqueIdentifier>{edf9dc5b-bb73-49d1-921f-10f47f5ecc0b}</UniqueIdentifier>
    </Filter>
    <Filter Include="Source Files\main_engine\interfacing\distraction\phone_usage">
      <UniqueIdentifier>{97161983-3b18-40fe-88e8-3ee8aaecb3bd}</UniqueIdentifier>
    </Filter>
    <Filter Include="Source Files\MainFeatures">
      <UniqueIdentifier>{dc29e169-1001-448f-b05a-556c5146fd63}</UniqueIdentifier>
    </Filter>
    <Filter Include="Source Files\MainFeatures\DistractionDetection">
      <UniqueIdentifier>{10fc62d7-c72c-4b27-9c87-0c4bf005733b}</UniqueIdentifier>
    </Filter>
    <Filter Include="Source Files\MainFeatures\DrowsinessDetection">
      <UniqueIdentifier>{2183903d-207d-45e6-9639-ead75b3cc14b}</UniqueIdentifier>
    </Filter>
    <Filter Include="Source Files\MainFeatures\DistractionDetection\GazeDetection">
      <UniqueIdentifier>{19b4a184-e957-4a7e-9154-61f70d1fe982}</UniqueIdentifier>
    </Filter>
    <Filter Include="Source Files\MainFeatures\DistractionDetection\HeadRotationDetection">
      <UniqueIdentifier>{f9e44124-cbaf-49dc-90d9-2e3601fd08da}</UniqueIdentifier>
    </Filter>
    <Filter Include="Source Files\MainFeatures\DrowsinessDetection\EyeStateDetection">
      <UniqueIdentifier>{fbbf5d8f-374a-490e-a37d-961ed7137911}</UniqueIdentifier>
    </Filter>
    <Filter Include="Source Files\MainFeatures\DrowsinessDetection\NoddingOffDetection">
      <UniqueIdentifier>{424d7643-d40e-41ce-a4b6-12035d6960a2}</UniqueIdentifier>
    </Filter>
    <Filter Include="Source Files\MainFeatures\DrowsinessDetection\YawningDetection">
      <UniqueIdentifier>{f6dba270-7ea6-4174-a634-b22e9691976e}</UniqueIdentifier>
    </Filter>
    <Filter Include="Source Files\MainFeatures\SensoryProcessing">
      <UniqueIdentifier>{c3f9d7e8-f643-4c9b-a204-9fd11c48fdcb}</UniqueIdentifier>
    </Filter>
    <Filter Include="Source Files\MainFeatures\SensoryProcessing\FaceDetection">
      <UniqueIdentifier>{335025bd-1ab3-4d25-9cc4-a8a9693be650}</UniqueIdentifier>
    </Filter>
    <Filter Include="Source Files\MainFeatures\SensoryProcessing\EyeDetection">
      <UniqueIdentifier>{040f4024-7bdf-46fc-a5a5-daeb5801fbd9}</UniqueIdentifier>
    </Filter>
    <Filter Include="Source Files\MainFeatures\SensoryProcessing\MouthDetection">
      <UniqueIdentifier>{a46cfe8a-28ea-4147-813f-2000da7d027a}</UniqueIdentifier>
    </Filter>
    <Filter Include="Header Files\MainFeatures">
      <UniqueIdentifier>{a46b67f4-d7fa-4786-b589-040ea086650a}</UniqueIdentifier>
    </Filter>
    <Filter Include="Header Files\MainFeatures\DistractionDetection">
      <UniqueIdentifier>{58a21492-8c79-4ada-9a68-59a45260bcd5}</UniqueIdentifier>
    </Filter>
    <Filter Include="Header Files\MainFeatures\DrowsinessDetection">
      <UniqueIdentifier>{9857ed9d-8d1b-4ee1-a378-5789a2f422a4}</UniqueIdentifier>
    </Filter>
    <Filter Include="Header Files\MainFeatures\SensoryProcessing">
      <UniqueIdentifier>{b3ea0ced-b6c7-4573-b745-798c07b6797c}</UniqueIdentifier>
    </Filter>
    <Filter Include="Header Files\MainFeatures\DistractionDetection\GazeDetection">
      <UniqueIdentifier>{a7cf7448-1b04-447b-8f0b-ea1f5b2c6259}</UniqueIdentifier>
    </Filter>
    <Filter Include="Header Files\MainFeatures\DistractionDetection\HeadRotationDetection">
      <UniqueIdentifier>{bb45f97e-2e0b-4da4-9c19-aa481508ea71}</UniqueIdentifier>
    </Filter>
    <Filter Include="Header Files\MainFeatures\DrowsinessDetection\EyeStateDetection">
      <UniqueIdentifier>{9c7c0c5d-20c2-4fab-aabf-0cb1f072175e}</UniqueIdentifier>
    </Filter>
    <Filter Include="Header Files\MainFeatures\DrowsinessDetection\YawningDetection">
      <UniqueIdentifier>{576215d0-8442-493b-a573-94eef814a66a}</UniqueIdentifier>
    </Filter>
    <Filter Include="Header Files\MainFeatures\DrowsinessDetection\NoddingOffDetection">
      <UniqueIdentifier>{c03231a8-da29-4aef-b81f-228ccd25b4ea}</UniqueIdentifier>
    </Filter>
    <Filter Include="Header Files\MainFeatures\SensoryProcessing\FaceDetection">
      <UniqueIdentifier>{96aa0f6f-5fb8-442f-bd4f-a62697278f41}</UniqueIdentifier>
    </Filter>
    <Filter Include="Header Files\MainFeatures\SensoryProcessing\EyeDetection">
      <UniqueIdentifier>{1774a596-f842-4ac5-8ec2-1c65f13954e2}</UniqueIdentifier>
    </Filter>
    <Filter Include="Header Files\MainFeatures\SensoryProcessing\MouthDetection">
      <UniqueIdentifier>{eef80801-a95c-497d-92ac-7dce0ba6cbea}</UniqueIdentifier>
    </Filter>
    <Filter Include="Source Files\Utility">
      <UniqueIdentifier>{28b91716-e373-48c0-b2c7-ece56562b2f3}</UniqueIdentifier>
    </Filter>
    <Filter Include="Header Files\Utility">
      <UniqueIdentifier>{91252439-a015-419d-ba29-ec5e2b966973}</UniqueIdentifier>
    </Filter>
  </ItemGroup>
  <ItemGroup>
    <ClCompile Include="Neuron.cpp">
      <Filter>Source Files\main_engine\neural_network</Filter>
    </ClCompile>
    <ClCompile Include="main.cpp">
      <Filter>Source Files</Filter>
    </ClCompile>
    <ClCompile Include="EyeDetector.cpp">
      <Filter>Source Files\MainFeatures\SensoryProcessing\EyeDetection</Filter>
    </ClCompile>
    <ClCompile Include="FaceDetector.cpp">
      <Filter>Source Files\MainFeatures\SensoryProcessing\FaceDetection</Filter>
    </ClCompile>
    <ClCompile Include="Detector.cpp">
      <Filter>Source Files\MainFeatures\SensoryProcessing</Filter>
    </ClCompile>
    <ClCompile Include="GazeDetector.cpp">
      <Filter>Source Files\MainFeatures\DistractionDetection\GazeDetection</Filter>
    </ClCompile>
    <ClCompile Include="Gaze.cpp">
      <Filter>Source Files\MainFeatures\DistractionDetection\GazeDetection</Filter>
    </ClCompile>
    <ClCompile Include="Face.cpp">
      <Filter>Source Files\MainFeatures\SensoryProcessing</Filter>
    </ClCompile>
    <ClCompile Include="Eye.cpp">
      <Filter>Source Files\MainFeatures\SensoryProcessing</Filter>
    </ClCompile>
    <ClCompile Include="Circle.cpp">
      <Filter>Source Files\Utility</Filter>
    </ClCompile>
  </ItemGroup>
  <ItemGroup>
    <None Include="Resources\Cascades\haarcascades\haarcascade_eye.xml">
      <Filter>Resources\Cascades\HaarCascades</Filter>
    </None>
    <None Include="Resources\Cascades\haarcascades\haarcascade_eye_tree_eyeglasses.xml">
      <Filter>Resources\Cascades\HaarCascades</Filter>
    </None>
    <None Include="Resources\Cascades\haarcascades\haarcascade_frontalface_alt.xml">
      <Filter>Resources\Cascades\HaarCascades</Filter>
    </None>
    <None Include="Resources\Cascades\haarcascades\haarcascade_frontalface_alt_tree.xml">
      <Filter>Resources\Cascades\HaarCascades</Filter>
    </None>
    <None Include="Resources\Cascades\haarcascades\haarcascade_frontalface_alt2.xml">
      <Filter>Resources\Cascades\HaarCascades</Filter>
    </None>
    <None Include="Resources\Cascades\haarcascades\haarcascade_frontalface_default.xml">
      <Filter>Resources\Cascades\HaarCascades</Filter>
    </None>
    <None Include="Resources\Cascades\haarcascades\haarcascade_fullbody.xml">
      <Filter>Resources\Cascades\HaarCascades</Filter>
    </None>
    <None Include="Resources\Cascades\haarcascades\haarcascade_lefteye_2splits.xml">
      <Filter>Resources\Cascades\HaarCascades</Filter>
    </None>
    <None Include="Resources\Cascades\haarcascades\haarcascade_lowerbody.xml">
      <Filter>Resources\Cascades\HaarCascades</Filter>
    </None>
    <None Include="Resources\Cascades\haarcascades\haarcascade_mcs_eyepair_big.xml">
      <Filter>Resources\Cascades\HaarCascades</Filter>
    </None>
    <None Include="Resources\Cascades\haarcascades\haarcascade_mcs_eyepair_small.xml">
      <Filter>Resources\Cascades\HaarCascades</Filter>
    </None>
    <None Include="Resources\Cascades\haarcascades\haarcascade_mcs_leftear.xml">
      <Filter>Resources\Cascades\HaarCascades</Filter>
    </None>
    <None Include="Resources\Cascades\haarcascades\haarcascade_mcs_lefteye.xml">
      <Filter>Resources\Cascades\HaarCascades</Filter>
    </None>
    <None Include="Resources\Cascades\haarcascades\haarcascade_mcs_mouth.xml">
      <Filter>Resources\Cascades\HaarCascades</Filter>
    </None>
    <None Include="Resources\Cascades\haarcascades\haarcascade_mcs_nose.xml">
      <Filter>Resources\Cascades\HaarCascades</Filter>
    </None>
    <None Include="Resources\Cascades\haarcascades\haarcascade_mcs_rightear.xml">
      <Filter>Resources\Cascades\HaarCascades</Filter>
    </None>
    <None Include="Resources\Cascades\haarcascades\haarcascade_mcs_righteye.xml">
      <Filter>Resources\Cascades\HaarCascades</Filter>
    </None>
    <None Include="Resources\Cascades\haarcascades\haarcascade_mcs_upperbody.xml">
      <Filter>Resources\Cascades\HaarCascades</Filter>
    </None>
    <None Include="Resources\Cascades\haarcascades\haarcascade_profileface.xml">
      <Filter>Resources\Cascades\HaarCascades</Filter>
    </None>
    <None Include="Resources\Cascades\haarcascades\haarcascade_righteye_2splits.xml">
      <Filter>Resources\Cascades\HaarCascades</Filter>
    </None>
    <None Include="Resources\Cascades\haarcascades\haarcascade_smile.xml">
      <Filter>Resources\Cascades\HaarCascades</Filter>
    </None>
    <None Include="Resources\Cascades\haarcascades\haarcascade_upperbody.xml">
      <Filter>Resources\Cascades\HaarCascades</Filter>
    </None>
  </ItemGroup>
  <ItemGroup>
    <ClInclude Include="Neuron.h">
      <Filter>Header Files\main_engine\neural_network</Filter>
    </ClInclude>
    <ClInclude Include="EyeDetector.h">
      <Filter>Header Files\MainFeatures\SensoryProcessing\EyeDetection</Filter>
    </ClInclude>
    <ClInclude Include="FaceDetector.h">
      <Filter>Header Files\MainFeatures\SensoryProcessing\FaceDetection</Filter>
    </ClInclude>
    <ClInclude Include="Detector.h">
      <Filter>Header Files\MainFeatures\SensoryProcessing</Filter>
    </ClInclude>
    <ClInclude Include="GazeDetector.h">
      <Filter>Header Files\MainFeatures\DistractionDetection\GazeDetection</Filter>
    </ClInclude>
    <ClInclude Include="Gaze.h">
      <Filter>Header Files\MainFeatures\DistractionDetection\GazeDetection</Filter>
    </ClInclude>
    <ClInclude Include="Face.h">
      <Filter>Header Files\MainFeatures\SensoryProcessing</Filter>
    </ClInclude>
    <ClInclude Include="Eye.h">
      <Filter>Header Files\MainFeatures\SensoryProcessing</Filter>
    </ClInclude>
    <ClInclude Include="Nose.h">
      <Filter>Header Files\MainFeatures\SensoryProcessing</Filter>
    </ClInclude>
    <ClInclude Include="Mouth.h">
      <Filter>Header Files\MainFeatures\SensoryProcessing</Filter>
    </ClInclude>
    <ClInclude Include="Pupil.h">
      <Filter>Header Files\MainFeatures\SensoryProcessing</Filter>
    </ClInclude>
    <ClInclude Include="Utility.h">
      <Filter>Header Files\MainFeatures\SensoryProcessing</Filter>
    </ClInclude>
    <ClInclude Include="Circle.h">
      <Filter>Header Files\Utility</Filter>
    </ClInclude>
  </ItemGroup>
</Project>